
Microsoft Visual Studio Solution File, Format Version 12.00
# Visual Studio 15
VisualStudioVersion = 15.0.28307.757
MinimumVisualStudioVersion = 10.0.40219.1
Project("{FAE04EC0-301F-11D3-BF4B-00C04F79EFBC}") = "TestAppGUI", "TestAppGUI\TestAppGUI.csproj", "{DAC3A0DC-6287-452E-9E18-ADE539C74C53}"
EndProject
Global
	GlobalSection(SolutionConfigurationPlatforms) = preSolution
		Debug|Any CPU = Debug|Any CPU
		Release|Any CPU = Release|Any CPU
	EndGlobalSection
	GlobalSection(ProjectConfigurationPlatforms) = postSolution
		{DAC3A0DC-6287-452E-9E18-ADE539C74C53}.Debug|Any CPU.ActiveCfg = Debug|Any CPU
		{DAC3A0DC-6287-452E-9E18-ADE539C74C53}.Debug|Any CPU.Build.0 = Debug|Any CPU
		{DAC3A0DC-6287-452E-9E18-ADE539C74C53}.Release|Any CPU.ActiveCfg = Release|Any CPU
		{DAC3A0DC-6287-452E-9E18-ADE539C74C53}.Release|Any CPU.Build.0 = Release|Any CPU
	EndGlobalSection
	GlobalSection(SolutionProperties) = preSolution
		HideSolutionNode = FALSE
	EndGlobalSection
	GlobalSection(ExtensibilityGlobals) = postSolution
		SolutionGuid = {B480F72C-C01A-46F8-BB42-33D58FE0BFA1}
	EndGlobalSection
EndGlobal
